
Microsoft Visual Studio Solution File, Format Version 12.00
# Visual Studio Version 17
VisualStudioVersion = 17.2.32630.192
MinimumVisualStudioVersion = 10.0.40219.1
Project("{FAE04EC0-301F-11D3-BF4B-00C04F79EFBC}") = "NetflixAPI", "NetflixAPI\NetflixAPI.csproj", "{117844A2-D74A-4724-9BB4-EC79070413FB}"
EndProject
Global
	GlobalSection(SolutionConfigurationPlatforms) = preSolution
		Debug|Any CPU = Debug|Any CPU
		Release|Any CPU = Release|Any CPU
	EndGlobalSection
	GlobalSection(ProjectConfigurationPlatforms) = postSolution
		{117844A2-D74A-4724-9BB4-EC79070413FB}.Debug|Any CPU.ActiveCfg = Debug|Any CPU
		{117844A2-D74A-4724-9BB4-EC79070413FB}.Debug|Any CPU.Build.0 = Debug|Any CPU
		{117844A2-D74A-4724-9BB4-EC79070413FB}.Release|Any CPU.ActiveCfg = Release|Any CPU
		{117844A2-D74A-4724-9BB4-EC79070413FB}.Release|Any CPU.Build.0 = Release|Any CPU
	EndGlobalSection
	GlobalSection(SolutionProperties) = preSolution
		HideSolutionNode = FALSE
	EndGlobalSection
	GlobalSection(ExtensibilityGlobals) = postSolution
		SolutionGuid = {FF7720FB-937D-4FAE-A3BC-59CFE9057954}
	EndGlobalSection
EndGlobal
